
Microsoft Visual Studio Solution File, Format Version 12.00
# Visual Studio Version 17
VisualStudioVersion = 17.14.36429.23 d17.14
MinimumVisualStudioVersion = 10.0.40219.1
Project("{FAE04EC0-301F-11D3-BF4B-00C04F79EFBC}") = "五張撲克牌", "五張撲克牌\五張撲克牌.csproj", "{7B171D8E-9C46-4B23-81E5-35EE6FDB192C}"
EndProject
Global
	GlobalSection(SolutionConfigurationPlatforms) = preSolution
		Debug|Any CPU = Debug|Any CPU
		Release|Any CPU = Release|Any CPU
	EndGlobalSection
	GlobalSection(ProjectConfigurationPlatforms) = postSolution
		{7B171D8E-9C46-4B23-81E5-35EE6FDB192C}.Debug|Any CPU.ActiveCfg = Debug|Any CPU
		{7B171D8E-9C46-4B23-81E5-35EE6FDB192C}.Debug|Any CPU.Build.0 = Debug|Any CPU
		{7B171D8E-9C46-4B23-81E5-35EE6FDB192C}.Release|Any CPU.ActiveCfg = Release|Any CPU
		{7B171D8E-9C46-4B23-81E5-35EE6FDB192C}.Release|Any CPU.Build.0 = Release|Any CPU
	EndGlobalSection
	GlobalSection(SolutionProperties) = preSolution
		HideSolutionNode = FALSE
	EndGlobalSection
	GlobalSection(ExtensibilityGlobals) = postSolution
		SolutionGuid = {74383170-49B3-4EDD-9381-4D173BCEC4D4}
	EndGlobalSection
EndGlobal
